
Microsoft Visual Studio Solution File, Format Version 12.00
# Visual Studio 2013
VisualStudioVersion = 12.0.30501.0
MinimumVisualStudioVersion = 10.0.40219.1
Project("{FAE04EC0-301F-11D3-BF4B-00C04F79EFBC}") = "Monkeys", "Monkeys\Monkeys\Monkeys.csproj", "{35920F6D-E0D1-4C2E-A9BC-234AB94BD8D6}"
EndProject
Project("{FAE04EC0-301F-11D3-BF4B-00C04F79EFBC}") = "Monkeys.iOS", "Monkeys\Monkeys.iOS\Monkeys.iOS.csproj", "{3D747797-56C7-491F-BFE0-90FCBB68B899}"
EndProject
Project("{FAE04EC0-301F-11D3-BF4B-00C04F79EFBC}") = "Monkeys.Android", "Monkeys\Monkeys.Android\Monkeys.Android.csproj", "{F7C33E20-8DF4-476D-9909-80C55FC3874B}"
EndProject
Project("{FAE04EC0-301F-11D3-BF4B-00C04F79EFBC}") = "Monkeys.WinPhone", "Monkeys\Monkeys.WinPhone\Monkeys.WinPhone.csproj", "{88191FC5-E9B0-4947-BD41-D397799E22B5}"
EndProject
Project("{2150E333-8FDC-42A3-9474-1A3956D46DE8}") = ".nuget", ".nuget", "{2E5FE81D-64FC-4CF5-A6C7-A48079A6F4B8}"
	ProjectSection(SolutionItems) = preProject
		.nuget\NuGet.Config = .nuget\NuGet.Config
		.nuget\NuGet.exe = .nuget\NuGet.exe
		.nuget\NuGet.targets = .nuget\NuGet.targets
	EndProjectSection
EndProject
Global
	GlobalSection(SolutionConfigurationPlatforms) = preSolution
		Ad-Hoc|Any CPU = Ad-Hoc|Any CPU
		Ad-Hoc|ARM = Ad-Hoc|ARM
		Ad-Hoc|iPhone = Ad-Hoc|iPhone
		Ad-Hoc|iPhoneSimulator = Ad-Hoc|iPhoneSimulator
		Ad-Hoc|Mixed Platforms = Ad-Hoc|Mixed Platforms
		Ad-Hoc|x86 = Ad-Hoc|x86
		AppStore|Any CPU = AppStore|Any CPU
		AppStore|ARM = AppStore|ARM
		AppStore|iPhone = AppStore|iPhone
		AppStore|iPhoneSimulator = AppStore|iPhoneSimulator
		AppStore|Mixed Platforms = AppStore|Mixed Platforms
		AppStore|x86 = AppStore|x86
		Debug|Any CPU = Debug|Any CPU
		Debug|ARM = Debug|ARM
		Debug|iPhone = Debug|iPhone
		Debug|iPhoneSimulator = Debug|iPhoneSimulator
		Debug|Mixed Platforms = Debug|Mixed Platforms
		Debug|x86 = Debug|x86
		Release|Any CPU = Release|Any CPU
		Release|ARM = Release|ARM
		Release|iPhone = Release|iPhone
		Release|iPhoneSimulator = Release|iPhoneSimulator
		Release|Mixed Platforms = Release|Mixed Platforms
		Release|x86 = Release|x86
	EndGlobalSection
	GlobalSection(ProjectConfigurationPlatforms) = postSolution
		{35920F6D-E0D1-4C2E-A9BC-234AB94BD8D6}.Ad-Hoc|Any CPU.ActiveCfg = Release|Any CPU
		{35920F6D-E0D1-4C2E-A9BC-234AB94BD8D6}.Ad-Hoc|Any CPU.Build.0 = Release|Any CPU
		{35920F6D-E0D1-4C2E-A9BC-234AB94BD8D6}.Ad-Hoc|ARM.ActiveCfg = Release|Any CPU
		{35920F6D-E0D1-4C2E-A9BC-234AB94BD8D6}.Ad-Hoc|iPhone.ActiveCfg = Release|Any CPU
		{35920F6D-E0D1-4C2E-A9BC-234AB94BD8D6}.Ad-Hoc|iPhoneSimulator.ActiveCfg = Release|Any CPU
		{35920F6D-E0D1-4C2E-A9BC-234AB94BD8D6}.Ad-Hoc|Mixed Platforms.ActiveCfg = Release|Any CPU
		{35920F6D-E0D1-4C2E-A9BC-234AB94BD8D6}.Ad-Hoc|Mixed Platforms.Build.0 = Release|Any CPU
		{35920F6D-E0D1-4C2E-A9BC-234AB94BD8D6}.Ad-Hoc|x86.ActiveCfg = Release|Any CPU
		{35920F6D-E0D1-4C2E-A9BC-234AB94BD8D6}.AppStore|Any CPU.ActiveCfg = Release|Any CPU
		{35920F6D-E0D1-4C2E-A9BC-234AB94BD8D6}.AppStore|Any CPU.Build.0 = Release|Any CPU
		{35920F6D-E0D1-4C2E-A9BC-234AB94BD8D6}.AppStore|ARM.ActiveCfg = Release|Any CPU
		{35920F6D-E0D1-4C2E-A9BC-234AB94BD8D6}.AppStore|iPhone.ActiveCfg = Release|Any CPU
		{35920F6D-E0D1-4C2E-A9BC-234AB94BD8D6}.AppStore|iPhoneSimulator.ActiveCfg = Release|Any CPU
		{35920F6D-E0D1-4C2E-A9BC-234AB94BD8D6}.AppStore|Mixed Platforms.ActiveCfg = Release|Any CPU
		{35920F6D-E0D1-4C2E-A9BC-234AB94BD8D6}.AppStore|Mixed Platforms.Build.0 = Release|Any CPU
		{35920F6D-E0D1-4C2E-A9BC-234AB94BD8D6}.AppStore|x86.ActiveCfg = Release|Any CPU
		{35920F6D-E0D1-4C2E-A9BC-234AB94BD8D6}.Debug|Any CPU.ActiveCfg = Debug|Any CPU
		{35920F6D-E0D1-4C2E-A9BC-234AB94BD8D6}.Debug|Any CPU.Build.0 = Debug|Any CPU
		{35920F6D-E0D1-4C2E-A9BC-234AB94BD8D6}.Debug|ARM.ActiveCfg = Debug|Any CPU
		{35920F6D-E0D1-4C2E-A9BC-234AB94BD8D6}.Debug|iPhone.ActiveCfg = Debug|Any CPU
		{35920F6D-E0D1-4C2E-A9BC-234AB94BD8D6}.Debug|iPhoneSimulator.ActiveCfg = Debug|Any CPU
		{35920F6D-E0D1-4C2E-A9BC-234AB94BD8D6}.Debug|Mixed Platforms.ActiveCfg = Debug|Any CPU
		{35920F6D-E0D1-4C2E-A9BC-234AB94BD8D6}.Debug|Mixed Platforms.Build.0 = Debug|Any CPU
		{35920F6D-E0D1-4C2E-A9BC-234AB94BD8D6}.Debug|x86.ActiveCfg = Debug|Any CPU
		{35920F6D-E0D1-4C2E-A9BC-234AB94BD8D6}.Release|Any CPU.ActiveCfg = Release|Any CPU
		{35920F6D-E0D1-4C2E-A9BC-234AB94BD8D6}.Release|Any CPU.Build.0 = Release|Any CPU
		{35920F6D-E0D1-4C2E-A9BC-234AB94BD8D6}.Release|ARM.ActiveCfg = Release|Any CPU
		{35920F6D-E0D1-4C2E-A9BC-234AB94BD8D6}.Release|iPhone.ActiveCfg = Release|Any CPU
		{35920F6D-E0D1-4C2E-A9BC-234AB94BD8D6}.Release|iPhoneSimulator.ActiveCfg = Release|Any CPU
		{35920F6D-E0D1-4C2E-A9BC-234AB94BD8D6}.Release|Mixed Platforms.ActiveCfg = Release|Any CPU
		{35920F6D-E0D1-4C2E-A9BC-234AB94BD8D6}.Release|Mixed Platforms.Build.0 = Release|Any CPU
		{35920F6D-E0D1-4C2E-A9BC-234AB94BD8D6}.Release|x86.ActiveCfg = Release|Any CPU
		{3D747797-56C7-491F-BFE0-90FCBB68B899}.Ad-Hoc|Any CPU.ActiveCfg = Ad-Hoc|iPhone
		{3D747797-56C7-491F-BFE0-90FCBB68B899}.Ad-Hoc|ARM.ActiveCfg = Ad-Hoc|iPhone
		{3D747797-56C7-491F-BFE0-90FCBB68B899}.Ad-Hoc|iPhone.ActiveCfg = Ad-Hoc|iPhone
		{3D747797-56C7-491F-BFE0-90FCBB68B899}.Ad-Hoc|iPhone.Build.0 = Ad-Hoc|iPhone
		{3D747797-56C7-491F-BFE0-90FCBB68B899}.Ad-Hoc|iPhone.Deploy.0 = Ad-Hoc|iPhone
		{3D747797-56C7-491F-BFE0-90FCBB68B899}.Ad-Hoc|iPhoneSimulator.ActiveCfg = Ad-Hoc|iPhoneSimulator
		{3D747797-56C7-491F-BFE0-90FCBB68B899}.Ad-Hoc|iPhoneSimulator.Build.0 = Ad-Hoc|iPhoneSimulator
		{3D747797-56C7-491F-BFE0-90FCBB68B899}.Ad-Hoc|iPhoneSimulator.Deploy.0 = Ad-Hoc|iPhoneSimulator
		{3D747797-56C7-491F-BFE0-90FCBB68B899}.Ad-Hoc|Mixed Platforms.ActiveCfg = Ad-Hoc|iPhone
		{3D747797-56C7-491F-BFE0-90FCBB68B899}.Ad-Hoc|Mixed Platforms.Build.0 = Ad-Hoc|iPhone
		{3D747797-56C7-491F-BFE0-90FCBB68B899}.Ad-Hoc|Mixed Platforms.Deploy.0 = Ad-Hoc|iPhone
		{3D747797-56C7-491F-BFE0-90FCBB68B899}.Ad-Hoc|x86.ActiveCfg = Ad-Hoc|iPhone
		{3D747797-56C7-491F-BFE0-90FCBB68B899}.AppStore|Any CPU.ActiveCfg = AppStore|iPhone
		{3D747797-56C7-491F-BFE0-90FCBB68B899}.AppStore|ARM.ActiveCfg = AppStore|iPhone
		{3D747797-56C7-491F-BFE0-90FCBB68B899}.AppStore|iPhone.ActiveCfg = AppStore|iPhone
		{3D747797-56C7-491F-BFE0-90FCBB68B899}.AppStore|iPhone.Build.0 = AppStore|iPhone
		{3D747797-56C7-491F-BFE0-90FCBB68B899}.AppStore|iPhone.Deploy.0 = AppStore|iPhone
		{3D747797-56C7-491F-BFE0-90FCBB68B899}.AppStore|iPhoneSimulator.ActiveCfg = AppStore|iPhoneSimulator
		{3D747797-56C7-491F-BFE0-90FCBB68B899}.AppStore|iPhoneSimulator.Build.0 = AppStore|iPhoneSimulator
		{3D747797-56C7-491F-BFE0-90FCBB68B899}.AppStore|iPhoneSimulator.Deploy.0 = AppStore|iPhoneSimulator
		{3D747797-56C7-491F-BFE0-90FCBB68B899}.AppStore|Mixed Platforms.ActiveCfg = AppStore|iPhone
		{3D747797-56C7-491F-BFE0-90FCBB68B899}.AppStore|Mixed Platforms.Build.0 = AppStore|iPhone
		{3D747797-56C7-491F-BFE0-90FCBB68B899}.AppStore|Mixed Platforms.Deploy.0 = AppStore|iPhone
		{3D747797-56C7-491F-BFE0-90FCBB68B899}.AppStore|x86.ActiveCfg = AppStore|iPhone
		{3D747797-56C7-491F-BFE0-90FCBB68B899}.Debug|Any CPU.ActiveCfg = Debug|iPhone
		{3D747797-56C7-491F-BFE0-90FCBB68B899}.Debug|ARM.ActiveCfg = Debug|iPhone
		{3D747797-56C7-491F-BFE0-90FCBB68B899}.Debug|iPhone.ActiveCfg = Debug|iPhone
		{3D747797-56C7-491F-BFE0-90FCBB68B899}.Debug|iPhone.Build.0 = Debug|iPhone
		{3D747797-56C7-491F-BFE0-90FCBB68B899}.Debug|iPhone.Deploy.0 = Debug|iPhone
		{3D747797-56C7-491F-BFE0-90FCBB68B899}.Debug|iPhoneSimulator.ActiveCfg = Debug|iPhoneSimulator
		{3D747797-56C7-491F-BFE0-90FCBB68B899}.Debug|iPhoneSimulator.Build.0 = Debug|iPhoneSimulator
		{3D747797-56C7-491F-BFE0-90FCBB68B899}.Debug|iPhoneSimulator.Deploy.0 = Debug|iPhoneSimulator
		{3D747797-56C7-491F-BFE0-90FCBB68B899}.Debug|Mixed Platforms.ActiveCfg = Debug|iPhoneSimulator
		{3D747797-56C7-491F-BFE0-90FCBB68B899}.Debug|Mixed Platforms.Build.0 = Debug|iPhoneSimulator
		{3D747797-56C7-491F-BFE0-90FCBB68B899}.Debug|Mixed Platforms.Deploy.0 = Debug|iPhoneSimulator
		{3D747797-56C7-491F-BFE0-90FCBB68B899}.Debug|x86.ActiveCfg = Debug|iPhone
		{3D747797-56C7-491F-BFE0-90FCBB68B899}.Release|Any CPU.ActiveCfg = Release|iPhone
		{3D747797-56C7-491F-BFE0-90FCBB68B899}.Release|ARM.ActiveCfg = Release|iPhone
		{3D747797-56C7-491F-BFE0-90FCBB68B899}.Release|iPhone.ActiveCfg = Release|iPhone
		{3D747797-56C7-491F-BFE0-90FCBB68B899}.Release|iPhone.Build.0 = Release|iPhone
		{3D747797-56C7-491F-BFE0-90FCBB68B899}.Release|iPhone.Deploy.0 = Release|iPhone
		{3D747797-56C7-491F-BFE0-90FCBB68B899}.Release|iPhoneSimulator.ActiveCfg = Release|iPhoneSimulator
		{3D747797-56C7-491F-BFE0-90FCBB68B899}.Release|iPhoneSimulator.Build.0 = Release|iPhoneSimulator
		{3D747797-56C7-491F-BFE0-90FCBB68B899}.Release|iPhoneSimulator.Deploy.0 = Release|iPhoneSimulator
		{3D747797-56C7-491F-BFE0-90FCBB68B899}.Release|Mixed Platforms.ActiveCfg = Release|iPhone
		{3D747797-56C7-491F-BFE0-90FCBB68B899}.Release|Mixed Platforms.Build.0 = Release|iPhone
		{3D747797-56C7-491F-BFE0-90FCBB68B899}.Release|Mixed Platforms.Deploy.0 = Release|iPhone
		{3D747797-56C7-491F-BFE0-90FCBB68B899}.Release|x86.ActiveCfg = Release|iPhone
		{F7C33E20-8DF4-476D-9909-80C55FC3874B}.Ad-Hoc|Any CPU.ActiveCfg = Release|Any CPU
		{F7C33E20-8DF4-476D-9909-80C55FC3874B}.Ad-Hoc|Any CPU.Build.0 = Release|Any CPU
		{F7C33E20-8DF4-476D-9909-80C55FC3874B}.Ad-Hoc|Any CPU.Deploy.0 = Release|Any CPU
		{F7C33E20-8DF4-476D-9909-80C55FC3874B}.Ad-Hoc|ARM.ActiveCfg = Release|Any CPU
		{F7C33E20-8DF4-476D-9909-80C55FC3874B}.Ad-Hoc|iPhone.ActiveCfg = Release|Any CPU
		{F7C33E20-8DF4-476D-9909-80C55FC3874B}.Ad-Hoc|iPhoneSimulator.ActiveCfg = Release|Any CPU
		{F7C33E20-8DF4-476D-9909-80C55FC3874B}.Ad-Hoc|Mixed Platforms.ActiveCfg = Release|Any CPU
		{F7C33E20-8DF4-476D-9909-80C55FC3874B}.Ad-Hoc|Mixed Platforms.Build.0 = Release|Any CPU
		{F7C33E20-8DF4-476D-9909-80C55FC3874B}.Ad-Hoc|Mixed Platforms.Deploy.0 = Release|Any CPU
		{F7C33E20-8DF4-476D-9909-80C55FC3874B}.Ad-Hoc|x86.ActiveCfg = Release|Any CPU
		{F7C33E20-8DF4-476D-9909-80C55FC3874B}.AppStore|Any CPU.ActiveCfg = Release|Any CPU
		{F7C33E20-8DF4-476D-9909-80C55FC3874B}.AppStore|Any CPU.Build.0 = Release|Any CPU
		{F7C33E20-8DF4-476D-9909-80C55FC3874B}.AppStore|Any CPU.Deploy.0 = Release|Any CPU
		{F7C33E20-8DF4-476D-9909-80C55FC3874B}.AppStore|ARM.ActiveCfg = Release|Any CPU
		{F7C33E20-8DF4-476D-9909-80C55FC3874B}.AppStore|iPhone.ActiveCfg = Release|Any CPU
		{F7C33E20-8DF4-476D-9909-80C55FC3874B}.AppStore|iPhoneSimulator.ActiveCfg = Release|Any CPU
		{F7C33E20-8DF4-476D-9909-80C55FC3874B}.AppStore|Mixed Platforms.ActiveCfg = Release|Any CPU
		{F7C33E20-8DF4-476D-9909-80C55FC3874B}.AppStore|Mixed Platforms.Build.0 = Release|Any CPU
		{F7C33E20-8DF4-476D-9909-80C55FC3874B}.AppStore|Mixed Platforms.Deploy.0 = Release|Any CPU
		{F7C33E20-8DF4-476D-9909-80C55FC3874B}.AppStore|x86.ActiveCfg = Release|Any CPU
		{F7C33E20-8DF4-476D-9909-80C55FC3874B}.Debug|Any CPU.ActiveCfg = Debug|Any CPU
		{F7C33E20-8DF4-476D-9909-80C55FC3874B}.Debug|Any CPU.Build.0 = Debug|Any CPU
		{F7C33E20-8DF4-476D-9909-80C55FC3874B}.Debug|Any CPU.Deploy.0 = Debug|Any CPU
		{F7C33E20-8DF4-476D-9909-80C55FC3874B}.Debug|ARM.ActiveCfg = Debug|Any CPU
		{F7C33E20-8DF4-476D-9909-80C55FC3874B}.Debug|iPhone.ActiveCfg = Debug|Any CPU
		{F7C33E20-8DF4-476D-9909-80C55FC3874B}.Debug|iPhoneSimulator.ActiveCfg = Debug|Any CPU
		{F7C33E20-8DF4-476D-9909-80C55FC3874B}.Debug|Mixed Platforms.ActiveCfg = Debug|Any CPU
		{F7C33E20-8DF4-476D-9909-80C55FC3874B}.Debug|Mixed Platforms.Build.0 = Debug|Any CPU
		{F7C33E20-8DF4-476D-9909-80C55FC3874B}.Debug|Mixed Platforms.Deploy.0 = Debug|Any CPU
		{F7C33E20-8DF4-476D-9909-80C55FC3874B}.Debug|x86.ActiveCfg = Debug|Any CPU
		{F7C33E20-8DF4-476D-9909-80C55FC3874B}.Release|Any CPU.ActiveCfg = Release|Any CPU
		{F7C33E20-8DF4-476D-9909-80C55FC3874B}.Release|Any CPU.Build.0 = Release|Any CPU
		{F7C33E20-8DF4-476D-9909-80C55FC3874B}.Release|Any CPU.Deploy.0 = Release|Any CPU
		{F7C33E20-8DF4-476D-9909-80C55FC3874B}.Release|ARM.ActiveCfg = Release|Any CPU
		{F7C33E20-8DF4-476D-9909-80C55FC3874B}.Release|iPhone.ActiveCfg = Release|Any CPU
		{F7C33E20-8DF4-476D-9909-80C55FC3874B}.Release|iPhoneSimulator.ActiveCfg = Release|Any CPU
		{F7C33E20-8DF4-476D-9909-80C55FC3874B}.Release|Mixed Platforms.ActiveCfg = Release|Any CPU
		{F7C33E20-8DF4-476D-9909-80C55FC3874B}.Release|Mixed Platforms.Build.0 = Release|Any CPU
		{F7C33E20-8DF4-476D-9909-80C55FC3874B}.Release|Mixed Platforms.Deploy.0 = Release|Any CPU
		{F7C33E20-8DF4-476D-9909-80C55FC3874B}.Release|x86.ActiveCfg = Release|Any CPU
		{88191FC5-E9B0-4947-BD41-D397799E22B5}.Ad-Hoc|Any CPU.ActiveCfg = Release|Any CPU
		{88191FC5-E9B0-4947-BD41-D397799E22B5}.Ad-Hoc|Any CPU.Build.0 = Release|Any CPU
		{88191FC5-E9B0-4947-BD41-D397799E22B5}.Ad-Hoc|Any CPU.Deploy.0 = Release|Any CPU
		{88191FC5-E9B0-4947-BD41-D397799E22B5}.Ad-Hoc|ARM.ActiveCfg = Release|ARM
		{88191FC5-E9B0-4947-BD41-D397799E22B5}.Ad-Hoc|ARM.Build.0 = Release|ARM
		{88191FC5-E9B0-4947-BD41-D397799E22B5}.Ad-Hoc|ARM.Deploy.0 = Release|ARM
		{88191FC5-E9B0-4947-BD41-D397799E22B5}.Ad-Hoc|iPhone.ActiveCfg = Release|Any CPU
		{88191FC5-E9B0-4947-BD41-D397799E22B5}.Ad-Hoc|iPhoneSimulator.ActiveCfg = Release|Any CPU
		{88191FC5-E9B0-4947-BD41-D397799E22B5}.Ad-Hoc|Mixed Platforms.ActiveCfg = Release|x86
		{88191FC5-E9B0-4947-BD41-D397799E22B5}.Ad-Hoc|Mixed Platforms.Build.0 = Release|x86
		{88191FC5-E9B0-4947-BD41-D397799E22B5}.Ad-Hoc|Mixed Platforms.Deploy.0 = Release|x86
		{88191FC5-E9B0-4947-BD41-D397799E22B5}.Ad-Hoc|x86.ActiveCfg = Release|x86
		{88191FC5-E9B0-4947-BD41-D397799E22B5}.Ad-Hoc|x86.Build.0 = Release|x86
		{88191FC5-E9B0-4947-BD41-D397799E22B5}.Ad-Hoc|x86.Deploy.0 = Release|x86
		{88191FC5-E9B0-4947-BD41-D397799E22B5}.AppStore|Any CPU.ActiveCfg = Release|Any CPU
		{88191FC5-E9B0-4947-BD41-D397799E22B5}.AppStore|Any CPU.Build.0 = Release|Any CPU
		{88191FC5-E9B0-4947-BD41-D397799E22B5}.AppStore|Any CPU.Deploy.0 = Release|Any CPU
		{88191FC5-E9B0-4947-BD41-D397799E22B5}.AppStore|ARM.ActiveCfg = Release|ARM
		{88191FC5-E9B0-4947-BD41-D397799E22B5}.AppStore|ARM.Build.0 = Release|ARM
		{88191FC5-E9B0-4947-BD41-D397799E22B5}.AppStore|ARM.Deploy.0 = Release|ARM
		{88191FC5-E9B0-4947-BD41-D397799E22B5}.AppStore|iPhone.ActiveCfg = Release|Any CPU
		{88191FC5-E9B0-4947-BD41-D397799E22B5}.AppStore|iPhoneSimulator.ActiveCfg = Release|Any CPU
		{88191FC5-E9B0-4947-BD41-D397799E22B5}.AppStore|Mixed Platforms.ActiveCfg = Release|x86
		{88191FC5-E9B0-4947-BD41-D397799E22B5}.AppStore|Mixed Platforms.Build.0 = Release|x86
		{88191FC5-E9B0-4947-BD41-D397799E22B5}.AppStore|Mixed Platforms.Deploy.0 = Release|x86
		{88191FC5-E9B0-4947-BD41-D397799E22B5}.AppStore|x86.ActiveCfg = Release|x86
		{88191FC5-E9B0-4947-BD41-D397799E22B5}.AppStore|x86.Build.0 = Release|x86
		{88191FC5-E9B0-4947-BD41-D397799E22B5}.AppStore|x86.Deploy.0 = Release|x86
		{88191FC5-E9B0-4947-BD41-D397799E22B5}.Debug|Any CPU.ActiveCfg = Debug|Any CPU
		{88191FC5-E9B0-4947-BD41-D397799E22B5}.Debug|Any CPU.Build.0 = Debug|Any CPU
		{88191FC5-E9B0-4947-BD41-D397799E22B5}.Debug|Any CPU.Deploy.0 = Debug|Any CPU
		{88191FC5-E9B0-4947-BD41-D397799E22B5}.Debug|ARM.ActiveCfg = Debug|ARM
		{88191FC5-E9B0-4947-BD41-D397799E22B5}.Debug|ARM.Build.0 = Debug|ARM
		{88191FC5-E9B0-4947-BD41-D397799E22B5}.Debug|ARM.Deploy.0 = Debug|ARM
		{88191FC5-E9B0-4947-BD41-D397799E22B5}.Debug|iPhone.ActiveCfg = Debug|Any CPU
		{88191FC5-E9B0-4947-BD41-D397799E22B5}.Debug|iPhoneSimulator.ActiveCfg = Debug|Any CPU
		{88191FC5-E9B0-4947-BD41-D397799E22B5}.Debug|Mixed Platforms.ActiveCfg = Debug|Any CPU
		{88191FC5-E9B0-4947-BD41-D397799E22B5}.Debug|Mixed Platforms.Build.0 = Debug|Any CPU
		{88191FC5-E9B0-4947-BD41-D397799E22B5}.Debug|Mixed Platforms.Deploy.0 = Debug|Any CPU
		{88191FC5-E9B0-4947-BD41-D397799E22B5}.Debug|x86.ActiveCfg = Debug|x86
		{88191FC5-E9B0-4947-BD41-D397799E22B5}.Debug|x86.Build.0 = Debug|x86
		{88191FC5-E9B0-4947-BD41-D397799E22B5}.Debug|x86.Deploy.0 = Debug|x86
		{88191FC5-E9B0-4947-BD41-D397799E22B5}.Release|Any CPU.ActiveCfg = Release|Any CPU
		{88191FC5-E9B0-4947-BD41-D397799E22B5}.Release|Any CPU.Build.0 = Release|Any CPU
		{88191FC5-E9B0-4947-BD41-D397799E22B5}.Release|Any CPU.Deploy.0 = Release|Any CPU
		{88191FC5-E9B0-4947-BD41-D397799E22B5}.Release|ARM.ActiveCfg = Release|ARM
		{88191FC5-E9B0-4947-BD41-D397799E22B5}.Release|ARM.Build.0 = Release|ARM
		{88191FC5-E9B0-4947-BD41-D397799E22B5}.Release|ARM.Deploy.0 = Release|ARM
		{88191FC5-E9B0-4947-BD41-D397799E22B5}.Release|iPhone.ActiveCfg = Release|Any CPU
		{88191FC5-E9B0-4947-BD41-D397799E22B5}.Release|iPhoneSimulator.ActiveCfg = Release|Any CPU
		{88191FC5-E9B0-4947-BD41-D397799E22B5}.Release|Mixed Platforms.ActiveCfg = Release|x86
		{88191FC5-E9B0-4947-BD41-D397799E22B5}.Release|Mixed Platforms.Build.0 = Release|x86
		{88191FC5-E9B0-4947-BD41-D397799E22B5}.Release|Mixed Platforms.Deploy.0 = Release|x86
		{88191FC5-E9B0-4947-BD41-D397799E22B5}.Release|x86.ActiveCfg = Release|x86
		{88191FC5-E9B0-4947-BD41-D397799E22B5}.Release|x86.Build.0 = Release|x86
		{88191FC5-E9B0-4947-BD41-D397799E22B5}.Release|x86.Deploy.0 = Release|x86
	EndGlobalSection
	GlobalSection(SolutionProperties) = preSolution
		HideSolutionNode = FALSE
	EndGlobalSection
EndGlobal
