
Microsoft Visual Studio Solution File, Format Version 12.00
# Visual Studio 2012
Project("{FAE04EC0-301F-11D3-BF4B-00C04F79EFBC}") = "Monkeys.iOS", "iOS\Monkeys.iOS.csproj", "{AE9DDA08-AE58-46C1-B350-8C74526E6984}"
EndProject
Project("{FAE04EC0-301F-11D3-BF4B-00C04F79EFBC}") = "Monkeys.Android", "Droid\Monkeys.Android.csproj", "{88817254-C139-4DE4-B9A7-DA58A24337BE}"
EndProject
Project("{D954291E-2A0B-460D-934E-DC6B0785DB48}") = "Monkeys.Shared", "Monkeys.Shared\Monkeys.Shared.shproj", "{EDC47797-ACFF-4BCF-80CF-23DAFE835857}"
EndProject
Global
	GlobalSection(SolutionConfigurationPlatforms) = preSolution
		Debug|Any CPU = Debug|Any CPU
		Release|Any CPU = Release|Any CPU
		Debug|iPhoneSimulator = Debug|iPhoneSimulator
		Release|iPhone = Release|iPhone
		Release|iPhoneSimulator = Release|iPhoneSimulator
		Debug|iPhone = Debug|iPhone
	EndGlobalSection
	GlobalSection(ProjectConfigurationPlatforms) = postSolution
		{AE9DDA08-AE58-46C1-B350-8C74526E6984}.Debug|Any CPU.ActiveCfg = Debug|iPhoneSimulator
		{AE9DDA08-AE58-46C1-B350-8C74526E6984}.Debug|Any CPU.Build.0 = Debug|iPhoneSimulator
		{AE9DDA08-AE58-46C1-B350-8C74526E6984}.Release|Any CPU.ActiveCfg = Debug|iPhoneSimulator
		{AE9DDA08-AE58-46C1-B350-8C74526E6984}.Release|Any CPU.Build.0 = Debug|iPhoneSimulator
		{AE9DDA08-AE58-46C1-B350-8C74526E6984}.Debug|iPhoneSimulator.ActiveCfg = Debug|iPhoneSimulator
		{AE9DDA08-AE58-46C1-B350-8C74526E6984}.Debug|iPhoneSimulator.Build.0 = Debug|iPhoneSimulator
		{AE9DDA08-AE58-46C1-B350-8C74526E6984}.Release|iPhone.ActiveCfg = Release|iPhone
		{AE9DDA08-AE58-46C1-B350-8C74526E6984}.Release|iPhone.Build.0 = Release|iPhone
		{AE9DDA08-AE58-46C1-B350-8C74526E6984}.Release|iPhoneSimulator.ActiveCfg = Release|iPhoneSimulator
		{AE9DDA08-AE58-46C1-B350-8C74526E6984}.Release|iPhoneSimulator.Build.0 = Release|iPhoneSimulator
		{AE9DDA08-AE58-46C1-B350-8C74526E6984}.Debug|iPhone.ActiveCfg = Debug|iPhone
		{AE9DDA08-AE58-46C1-B350-8C74526E6984}.Debug|iPhone.Build.0 = Debug|iPhone
		{88817254-C139-4DE4-B9A7-DA58A24337BE}.Debug|Any CPU.ActiveCfg = Debug|Any CPU
		{88817254-C139-4DE4-B9A7-DA58A24337BE}.Debug|Any CPU.Build.0 = Debug|Any CPU
		{88817254-C139-4DE4-B9A7-DA58A24337BE}.Release|Any CPU.ActiveCfg = Release|Any CPU
		{88817254-C139-4DE4-B9A7-DA58A24337BE}.Release|Any CPU.Build.0 = Release|Any CPU
		{88817254-C139-4DE4-B9A7-DA58A24337BE}.Debug|iPhoneSimulator.ActiveCfg = Debug|Any CPU
		{88817254-C139-4DE4-B9A7-DA58A24337BE}.Debug|iPhoneSimulator.Build.0 = Debug|Any CPU
		{88817254-C139-4DE4-B9A7-DA58A24337BE}.Release|iPhone.ActiveCfg = Release|Any CPU
		{88817254-C139-4DE4-B9A7-DA58A24337BE}.Release|iPhone.Build.0 = Release|Any CPU
		{88817254-C139-4DE4-B9A7-DA58A24337BE}.Release|iPhoneSimulator.ActiveCfg = Release|Any CPU
		{88817254-C139-4DE4-B9A7-DA58A24337BE}.Release|iPhoneSimulator.Build.0 = Release|Any CPU
		{88817254-C139-4DE4-B9A7-DA58A24337BE}.Debug|iPhone.ActiveCfg = Debug|Any CPU
		{88817254-C139-4DE4-B9A7-DA58A24337BE}.Debug|iPhone.Build.0 = Debug|Any CPU
	EndGlobalSection
EndGlobal
